{
  "name": "phase-4-deploying-app-demo",
  "lockfileVersion": 3,
  "requires": true,
  "packages": {
    "": {
      "name": "phase-4-deploying-app-demo",
      "dependencies": {
        "navigate": "^0.3.6",
        "routes": "^2.1.0"
      },
      "engines": {
        "node": "16.x"
      }
    },
    "node_modules/navigate": {
      "version": "0.3.6",
      "resolved": "https://registry.npmjs.org/navigate/-/navigate-0.3.6.tgz",
      "integrity": "sha512-2m4e51H3BFTRs3xEWTZDRw+0QByI6245oDGQyubaEJNI0R/Htf6Oh4Hw6VH5dsWYD82iAwpnanXDmECKEuXPGQ==",
      "engines": {
        "node": "*"
      }
    },
    "node_modules/routes": {
      "version": "2.1.0",
      "resolved": "https://registry.npmjs.org/routes/-/routes-2.1.0.tgz",
      "integrity": "sha512-ipKiJOw1LUmlfusmWq0XWGJRVT4FdB8ymKvct2OpjN6lXYQa7W/tJjD75W7bzYghdfV1eObdM3Gh7vuVwttPcA==",
      "engines": {
        "node": "*"
      }
    }
  }
}
